
Microsoft Visual Studio Solution File, Format Version 12.00
# Visual Studio Version 16
VisualStudioVersion = 16.0.29001.49
MinimumVisualStudioVersion = 10.0.40219.1
Project("{9A19103F-16F7-4668-BE54-9A1E7A4F7556}") = "NHLStats", "NHLStats\NHLStats.csproj", "{DF25B9DB-6B80-4865-899F-748CB5548528}"
EndProject
Project("{FAE04EC0-301F-11D3-BF4B-00C04F79EFBC}") = "TestHarness", "TestHarness\TestHarness.csproj", "{5128A6A7-0948-4698-9579-F4F135CCF43B}"
EndProject
Global
	GlobalSection(SolutionConfigurationPlatforms) = preSolution
		Debug|Any CPU = Debug|Any CPU
		Packaged|Any CPU = Packaged|Any CPU
		Release|Any CPU = Release|Any CPU
	EndGlobalSection
	GlobalSection(ProjectConfigurationPlatforms) = postSolution
		{DF25B9DB-6B80-4865-899F-748CB5548528}.Debug|Any CPU.ActiveCfg = Debug|Any CPU
		{DF25B9DB-6B80-4865-899F-748CB5548528}.Debug|Any CPU.Build.0 = Debug|Any CPU
		{DF25B9DB-6B80-4865-899F-748CB5548528}.Packaged|Any CPU.ActiveCfg = Debug|Any CPU
		{DF25B9DB-6B80-4865-899F-748CB5548528}.Packaged|Any CPU.Build.0 = Debug|Any CPU
		{DF25B9DB-6B80-4865-899F-748CB5548528}.Release|Any CPU.ActiveCfg = Release|Any CPU
		{DF25B9DB-6B80-4865-899F-748CB5548528}.Release|Any CPU.Build.0 = Release|Any CPU
		{5128A6A7-0948-4698-9579-F4F135CCF43B}.Debug|Any CPU.ActiveCfg = Debug|Any CPU
		{5128A6A7-0948-4698-9579-F4F135CCF43B}.Debug|Any CPU.Build.0 = Debug|Any CPU
		{5128A6A7-0948-4698-9579-F4F135CCF43B}.Packaged|Any CPU.ActiveCfg = Debug|Any CPU
		{5128A6A7-0948-4698-9579-F4F135CCF43B}.Packaged|Any CPU.Build.0 = Debug|Any CPU
		{5128A6A7-0948-4698-9579-F4F135CCF43B}.Release|Any CPU.ActiveCfg = Release|Any CPU
		{5128A6A7-0948-4698-9579-F4F135CCF43B}.Release|Any CPU.Build.0 = Release|Any CPU
	EndGlobalSection
	GlobalSection(SolutionProperties) = preSolution
		HideSolutionNode = FALSE
	EndGlobalSection
	GlobalSection(ExtensibilityGlobals) = postSolution
		SolutionGuid = {B03A50AE-57F7-47BC-924A-D69485D6B8E8}
	EndGlobalSection
EndGlobal
